
Microsoft Visual Studio Solution File, Format Version 12.00
# Visual Studio 15
VisualStudioVersion = 15.0.27004.2009
MinimumVisualStudioVersion = 10.0.40219.1
Project("{FAE04EC0-301F-11D3-BF4B-00C04F79EFBC}") = "TicketingSystem", "TicketingSystem\TicketingSystem.csproj", "{84C1A1ED-CBC6-47D5-9CF6-C0F59D770B70}"
EndProject
Project("{FAE04EC0-301F-11D3-BF4B-00C04F79EFBC}") = "TicketingSystem.Tests", "TicketingSystem.Tests\TicketingSystem.Tests.csproj", "{AAB23544-F876-4274-827F-6C0B7F8E2234}"
EndProject
Global
	GlobalSection(SolutionConfigurationPlatforms) = preSolution
		Debug|Any CPU = Debug|Any CPU
		Release|Any CPU = Release|Any CPU
	EndGlobalSection
	GlobalSection(ProjectConfigurationPlatforms) = postSolution
		{84C1A1ED-CBC6-47D5-9CF6-C0F59D770B70}.Debug|Any CPU.ActiveCfg = Debug|Any CPU
		{84C1A1ED-CBC6-47D5-9CF6-C0F59D770B70}.Debug|Any CPU.Build.0 = Debug|Any CPU
		{84C1A1ED-CBC6-47D5-9CF6-C0F59D770B70}.Release|Any CPU.ActiveCfg = Release|Any CPU
		{84C1A1ED-CBC6-47D5-9CF6-C0F59D770B70}.Release|Any CPU.Build.0 = Release|Any CPU
		{AAB23544-F876-4274-827F-6C0B7F8E2234}.Debug|Any CPU.ActiveCfg = Debug|Any CPU
		{AAB23544-F876-4274-827F-6C0B7F8E2234}.Debug|Any CPU.Build.0 = Debug|Any CPU
		{AAB23544-F876-4274-827F-6C0B7F8E2234}.Release|Any CPU.ActiveCfg = Release|Any CPU
		{AAB23544-F876-4274-827F-6C0B7F8E2234}.Release|Any CPU.Build.0 = Release|Any CPU
	EndGlobalSection
	GlobalSection(SolutionProperties) = preSolution
		HideSolutionNode = FALSE
	EndGlobalSection
	GlobalSection(ExtensibilityGlobals) = postSolution
		SolutionGuid = {D53989B6-1976-4A5B-8EB9-7DC05F815562}
	EndGlobalSection
EndGlobal
